
Microsoft Visual Studio Solution File, Format Version 12.00
# Visual Studio 15
VisualStudioVersion = 15.0.28307.168
MinimumVisualStudioVersion = 10.0.40219.1
Project("{FAE04EC0-301F-11D3-BF4B-00C04F79EFBC}") = "c0731812-CSD3354-week-04", "c0731812-CSD3354-week-04\c0731812-CSD3354-week-04.csproj", "{36FE31A8-2B8C-4D03-8C45-A5E90A46BC92}"
EndProject
Global
	GlobalSection(SolutionConfigurationPlatforms) = preSolution
		Debug|Any CPU = Debug|Any CPU
		Release|Any CPU = Release|Any CPU
	EndGlobalSection
	GlobalSection(ProjectConfigurationPlatforms) = postSolution
		{36FE31A8-2B8C-4D03-8C45-A5E90A46BC92}.Debug|Any CPU.ActiveCfg = Debug|Any CPU
		{36FE31A8-2B8C-4D03-8C45-A5E90A46BC92}.Debug|Any CPU.Build.0 = Debug|Any CPU
		{36FE31A8-2B8C-4D03-8C45-A5E90A46BC92}.Release|Any CPU.ActiveCfg = Release|Any CPU
		{36FE31A8-2B8C-4D03-8C45-A5E90A46BC92}.Release|Any CPU.Build.0 = Release|Any CPU
	EndGlobalSection
	GlobalSection(SolutionProperties) = preSolution
		HideSolutionNode = FALSE
	EndGlobalSection
	GlobalSection(ExtensibilityGlobals) = postSolution
		SolutionGuid = {0F35186D-49EF-4F3C-9398-8155E076D85B}
	EndGlobalSection
EndGlobal
